github.com/davecgh/go-spew v1.1.0/go.mod h1:J7Y8YcW2NihsgmVo/mv3lAwl/skON4iLHjSsI+c5H38=
github.com/davecgh/go-spew v1.1.1/go.mod h1:J7Y8YcW2NihsgmVo/mv3lAwl/skON4iLHjSsI+c5H38=
github.com/konsorten/go-windows-terminal-sequences v1.0.1/go.mod h1:T0+1ngSBFLxvqU3pZ+m/2kptfBszLMUkC4ZK/EgS/cQ=
github.com/kr/pretty v0.1.0/go.mod h1:dAy3ld7l9f0ibDNOQOHHMYYIIbhfbHSm3C4ZsoJORNo=
github.com/kr/pty v1.1.1/go.mod h1:pFQYn66WHrOpPYNljwOMqo10TkYh1fy3cYio2l3bCsQ=
github.com/kr/text v0.1.0/go.mod h1:4Jbv+DJW3UT/LiOwJeYQe1efqtUx/iVham/4vfdArNI=
github.com/mreiferson/go-httpclient v0.0.0-20160630210159-31f0106b4474/go.mod h1:OQA4XLvDbMgS8P0CevmM4m9Q3Jq4phKUzcocxuGJ5m8=
github.com/op/go-logging v0.0.0-20160315200505-970db520ece7/go.mod h1:HzydrMdWErDVzsI23lYNej1Htcns9BCg93Dk0bBINWk=
github.com/pmezard/go-difflib v1.0.0/go.mod h1:iKH77koFhYxTK1pcRnkKkqfTogsbg7gZNVY4sRDYZ/4=
github.com/sirupsen/logrus v1.3.0/go.mod h1:LxeOpSwHxABJmUn/MG1IvRgCAasNZTLOkJPxbbu5VWo=
github.com/stretchr/objx v0.1.0/go.mod h1:HFkY916IF+rwdDfMAkV7OtwuqBVzrE8GR6GFx+wExME=
github.com/stretchr/objx v0.1.1/go.mod h1:HFkY916IF+rwdDfMAkV7OtwuqBVzrE8GR6GFx+wExME=
github.com/stretchr/testify v1.2.2/go.mod h1:a8OnRcib4nhh0OaRAV+Yts87kKdq0PP7pXfy6kDkUVs=
github.com/stretchr/testify v1.3.0/go.mod h1:M5WIy9Dh21IEIfnGCwXGc5bZfKNJtfHm1UVUgZn+9EI=
github.com/stretchr/testify v1.4.0/go.mod h1:j7eGeouHqKxXV5pUuKE4zz7dFj8WfuZ+81PSLYec5m4=
github.com/weppos/publicsuffix-go v0.4.0 h1:YSnfg3V65LcCFKtIGKGoBhkyKolEd0hlipcXaOjdnQw=
github.com/weppos/publicsuffix-go v0.4.0/go.mod h1:z3LCPQ38eedDQSwmsSRW4Y7t2L8Ln16JPQ02lHAdn5k=
github.com/weppos/publicsuffix-go v0.13.0 h1:0Tu1uzLBd1jPn4k6OnMmOPZH/l/9bj9kUOMMkoRs6Gg=
github.com/weppos/publicsuffix-go v0.13.0/go.mod h1:z3LCPQ38eedDQSwmsSRW4Y7t2L8Ln16JPQ02lHAdn5k=
github.com/zmap/rc2 v0.0.0-20131011165748-24b9757f5521/go.mod h1:3YZ9o3WnatTIZhuOtot4IcUfzoKVjUHqu6WALIyI0nE=
github.com/zmap/zcertificate v0.0.0-20180516150559-0e3d58b1bac4/go.mod h1:5iU54tB79AMBcySS0R2XIyZBAVmeHranShAFELYx7is=
github.com/zmap/zcrypto v0.0.0-20191112190257-7f2fe6faf8cf/go.mod h1:w7kd3qXHh8FNaczNjslXqvFQiv5mMWRXlL9klTUAHc8=
github.com/zmap/zcrypto v0.0.0-20200128014322-127181aff13d h1:3GShL9LgAvFhAmhAQAFkcbtwzdbglmhCdb+VrsYjeac=
github.com/zmap/zcrypto v0.0.0-20200128014322-127181aff13d/go.mod h1:TxpejqcVKQjQaVVmMGfzx5HnmFMdIU+vLtaCyPBfGI4=
github.com/zmap/zcrypto v0.0.0-20200513165325-16679db567ff h1:0DDYlvtXPb8EMtQPZ2TJDcM+adqtzy77QOndkCW79JQ=
github.com/zmap/zcrypto v0.0.0-20200513165325-16679db567ff/go.mod h1:TxpejqcVKQjQaVVmMGfzx5HnmFMdIU+vLtaCyPBfGI4=
github.com/zmap/zcrypto v0.0.0-20200911161511-43ff0ea04f21 h1:PIpcdSOg3pMdFJUBg5yR9xxcj5rm/SGAyaWT/wK6Kco=
github.com/zmap/zcrypto v0.0.0-20200911161511-43ff0ea04f21/go.mod h1:TxpejqcVKQjQaVVmMGfzx5HnmFMdIU+vLtaCyPBfGI4=
github.com/zmap/zlint v2.0.0+incompatible h1:Yz3KtcdJLHzjGTd+Em6ss9jUPbAitN5xkVLAstULF3I=
github.com/zmap/zlint/v2 v2.0.0 h1:Ve+1yR76LZhTXsxonKA35d5S8dIIW1pmIlr4ahrskhs=
github.com/zmap/zlint/v2 v2.0.0/go.mod h1:0jpqZ7cVjm8ABh/PTOp74MK50bPiN+HW+NjjESDxLVA=
github.com/zmap/zlint/v2 v2.1.0 h1:PU8w7/Cf1rr9jnCewH8i7cXDc5enHkhPE78KBkfsPnk=
github.com/zmap/zlint/v2 v2.1.0/go.mod h1:0jpqZ7cVjm8ABh/PTOp74MK50bPiN+HW+NjjESDxLVA=
github.com/zmap/zlint/v2 v2.2.0 h1:VOoPQDhlxbJB1mNxe0vzpMWN6YD2Y/OiIBfLpvJtgHc=
github.com/zmap/zlint/v2 v2.2.0/go.mod h1:Va5dIi3W4ZBvl3HHg9p23Mz/5TN5fHlgiCnsW54AWdQ=
github.com/zmap/zlint/v2 v2.2.1 h1:b2kI/ToXX16h2wjV2c6Da65eT6aTMtkLHKetXuM9EtI=
github.com/zmap/zlint/v2 v2.2.1/go.mod h1:ixPWsdq8qLxYRpNUTbcKig3R7WgmspsHGLhCCs6rFAM=
golang.org/x/crypto v0.0.0-20180904163835-0709b304e793/go.mod h1:6SG95UA2DQfeDnfUPMdvaQW0Q7yPrPDi9nlGo2tz2b4=
golang.org/x/crypto v0.0.0-20190308221718-c2843e01d9a2/go.mod h1:djNgcEr1/C05ACkg1iLfiJU5Ep61QUkGW8qpdssI0+w=
golang.org/x/crypto v0.0.0-20190701094942-4def268fd1a4/go.mod h1:yigFU9vqHzYiE8UmvKecakEJjdnWj3jj499lnFckfCI=
golang.org/x/crypto v0.0.0-20200124225646-8b5121be2f68 h1:WPLCzSEbawp58wezcvLvLnvhiDJAai54ESbc41NdXS0=
golang.org/x/crypto v0.0.0-20200124225646-8b5121be2f68/go.mod h1:yigFU9vqHzYiE8UmvKecakEJjdnWj3jj499lnFckfCI=
golang.org/x/crypto v0.0.0-20200602180216-279210d13fed h1:g4KENRiCMEx58Q7/ecwfT0N2o8z35Fnbsjig/Alf2T4=
golang.org/x/crypto v0.0.0-20200602180216-279210d13fed/go.mod h1:LzIPMQfyMNhhGPhUkYOs5KpL4U8rLKemX1yGLhDgUto=
golang.org/x/crypto v0.0.0-20200622213623-75b288015ac9/go.mod h1:LzIPMQfyMNhhGPhUkYOs5KpL4U8rLKemX1yGLhDgUto=
golang.org/x/crypto v0.0.0-20200820211705-5c72a883971a h1:vclmkQCjlDX5OydZ9wv8rBCcS0QyQY66Mpf/7BZbInM=
golang.org/x/crypto v0.0.0-20200820211705-5c72a883971a/go.mod h1:LzIPMQfyMNhhGPhUkYOs5KpL4U8rLKemX1yGLhDgUto=
golang.org/x/crypto v0.0.0-20201016220609-9e8e0b390897 h1:pLI5jrR7OSLijeIDcmRxNmw2api+jEfxLoykJVice/E=
golang.org/x/crypto v0.0.0-20201016220609-9e8e0b390897/go.mod h1:LzIPMQfyMNhhGPhUkYOs5KpL4U8rLKemX1yGLhDgUto=
golang.org/x/net v0.0.0-20190404232315-eb5bcb51f2a3/go.mod h1:t9HGtf8HONx5eT2rtn7q6eTqICYqUVnKs3thJo3Qplg=
golang.org/x/net v0.0.0-20190620200207-3b0461eec859 h1:R/3boaszxrf1GEUWTVDzSKVwLmSJpwZ1yqXm8j0v2QI=
golang.org/x/net v0.0.0-20190620200207-3b0461eec859/go.mod h1:z5CRVTTTmAJ677TzLLGU+0bjPO0LkuOLi4/5GtJWs/s=
golang.org/x/net v0.0.0-20200602114024-627f9648deb9 h1:pNX+40auqi2JqRfOP1akLGtYcn15TUbkhwuCO3foqqM=
golang.org/x/net v0.0.0-20200602114024-627f9648deb9/go.mod h1:qpuaurCH72eLCgpAm/N6yyVIVM9cpaDIP3A8BGJEC5A=
golang.org/x/net v0.0.0-20200904194848-62affa334b73 h1:MXfv8rhZWmFeqX3GNZRsd6vOLoaCHjYEX3qkRo3YBUA=
golang.org/x/net v0.0.0-20200904194848-62affa334b73/go.mod h1:/O7V0waA8r7cgGh81Ro3o1hOxt32SMVPicZroKQ2sZA=
golang.org/x/net v0.0.0-20201027133719-8eef5233e2a1 h1:IEhJ99VWSYpHIxjlbu3DQyHegGPnQYAv0IaCX9KHyG0=
golang.org/x/net v0.0.0-20201027133719-8eef5233e2a1/go.mod h1:sp8m0HH+o8qH0wwXwYZr8TS3Oi6o0r6Gce1SSxlDquU=
golang.org/x/sys v0.0.0-20180905080454-ebe1bf3edb33/go.mod h1:STP8DvDyc/dI5b8T5hshtkjS+E42TnysNCUPdjciGhY=
golang.org/x/sys v0.0.0-20190215142949-d0b11bdaac8a/go.mod h1:STP8DvDyc/dI5b8T5hshtkjS+E42TnysNCUPdjciGhY=
golang.org/x/sys v0.0.0-20190412213103-97732733099d/go.mod h1:h1NjWce9XRLGQEsW7wpKNCjG9DtNlClVuFLEZdDNbEs=
golang.org/x/sys v0.0.0-20200323222414-85ca7c5b95cd/go.mod h1:h1NjWce9XRLGQEsW7wpKNCjG9DtNlClVuFLEZdDNbEs=
golang.org/x/sys v0.0.0-20200930185726-fdedc70b468f/go.mod h1:h1NjWce9XRLGQEsW7wpKNCjG9DtNlClVuFLEZdDNbEs=
golang.org/x/text v0.3.0 h1:g61tztE5qeGQ89tm6NTjjM9VPIm088od1l6aSorWRWg=
golang.org/x/text v0.3.0/go.mod h1:NqM8EUOU14njkJ3fqMW+pc6Ldnwhi/IjpwHt7yyuwOQ=
golang.org/x/text v0.3.2 h1:tW2bmiBqwgJj/UpqtC8EpXEZVYOwU0yG4iWbprSVAcs=
golang.org/x/text v0.3.2/go.mod h1:bEr9sfX3Q8Zfm5fL9x+3itogRgK3+ptLWKqgva+5dAk=
golang.org/x/text v0.3.3 h1:cokOdA+Jmi5PJGXLlLllQSgYigAEfHXJAERHVMaCc2k=
golang.org/x/text v0.3.3/go.mod h1:5Zoc/QRtKVWzQhOtBMvqHzDpF6irO9z98xDceosuGiQ=
golang.org/x/tools v0.0.0-20180917221912-90fa682c2a6e/go.mod h1:n7NCudcB/nEzxVGmLbDWY5pfWTLqBcC2KZ6jyYvM4mQ=
gopkg.in/check.v1 v0.0.0-20161208181325-20d25e280405/go.mod h1:Co6ibVJAznAaIkqp8huTwlJQCZ016jof/cbN4VW5Yz0=
gopkg.in/check.v1 v1.0.0-20180628173108-788fd7840127/go.mod h1:Co6ibVJAznAaIkqp8huTwlJQCZ016jof/cbN4VW5Yz0=
gopkg.in/yaml.v2 v2.2.2/go.mod h1:hI93XBmqTisBFMUTm0b8Fm+jr3Dg1NNxqwp+5A1VGuI=
